
Microsoft Visual Studio Solution File, Format Version 12.00
# Visual Studio Version 17
VisualStudioVersion = 17.7.34031.279
MinimumVisualStudioVersion = 10.0.40219.1
Project("{FAE04EC0-301F-11D3-BF4B-00C04F79EFBC}") = "IdentityServer.API", "IdentityServer.API\IdentityServer.API.csproj", "{1FADD5AE-AE03-4450-A4AB-6A5E069670C9}"
EndProject
Global
	GlobalSection(SolutionConfigurationPlatforms) = preSolution
		Debug|Any CPU = Debug|Any CPU
		Release|Any CPU = Release|Any CPU
	EndGlobalSection
	GlobalSection(ProjectConfigurationPlatforms) = postSolution
		{1FADD5AE-AE03-4450-A4AB-6A5E069670C9}.Debug|Any CPU.ActiveCfg = Debug|Any CPU
		{1FADD5AE-AE03-4450-A4AB-6A5E069670C9}.Debug|Any CPU.Build.0 = Debug|Any CPU
		{1FADD5AE-AE03-4450-A4AB-6A5E069670C9}.Release|Any CPU.ActiveCfg = Release|Any CPU
		{1FADD5AE-AE03-4450-A4AB-6A5E069670C9}.Release|Any CPU.Build.0 = Release|Any CPU
	EndGlobalSection
	GlobalSection(SolutionProperties) = preSolution
		HideSolutionNode = FALSE
	EndGlobalSection
	GlobalSection(ExtensibilityGlobals) = postSolution
		SolutionGuid = {8FFFB240-7460-4FE3-A2A1-B50C3BDAACC9}
	EndGlobalSection
EndGlobal
